
Microsoft Visual Studio Solution File, Format Version 12.00
# Visual Studio Version 16
VisualStudioVersion = 16.0.29519.87
MinimumVisualStudioVersion = 10.0.40219.1
Project("{FAE04EC0-301F-11D3-BF4B-00C04F79EFBC}") = "WebApplication1", "WebApplication1.csproj", "{B24E3A73-73F9-48A1-BFF5-982F62912B6A}"
EndProject
Global
	GlobalSection(SolutionConfigurationPlatforms) = preSolution
		Debug|Any CPU = Debug|Any CPU
		Release|Any CPU = Release|Any CPU
	EndGlobalSection
	GlobalSection(ProjectConfigurationPlatforms) = postSolution
		{B24E3A73-73F9-48A1-BFF5-982F62912B6A}.Debug|Any CPU.ActiveCfg = Debug|Any CPU
		{B24E3A73-73F9-48A1-BFF5-982F62912B6A}.Debug|Any CPU.Build.0 = Debug|Any CPU
		{B24E3A73-73F9-48A1-BFF5-982F62912B6A}.Release|Any CPU.ActiveCfg = Release|Any CPU
		{B24E3A73-73F9-48A1-BFF5-982F62912B6A}.Release|Any CPU.Build.0 = Release|Any CPU
	EndGlobalSection
	GlobalSection(SolutionProperties) = preSolution
		HideSolutionNode = FALSE
	EndGlobalSection
	GlobalSection(ExtensibilityGlobals) = postSolution
		SolutionGuid = {1EC291F6-4D66-403B-84C6-F61F38EB7662}
	EndGlobalSection
EndGlobal
